
Microsoft Visual Studio Solution File, Format Version 12.00
# Visual Studio 15
VisualStudioVersion = 15.0.28307.645
MinimumVisualStudioVersion = 10.0.40219.1
Project("{FAE04EC0-301F-11D3-BF4B-00C04F79EFBC}") = "PerformanceEvaluationSystem", "PerformanceEvaluationSystem\PerformanceEvaluationSystem.csproj", "{EA0C8F63-94A4-4D9B-AB69-70D4DDFB205E}"
EndProject
Global
	GlobalSection(SolutionConfigurationPlatforms) = preSolution
		Debug|Any CPU = Debug|Any CPU
		Release|Any CPU = Release|Any CPU
	EndGlobalSection
	GlobalSection(ProjectConfigurationPlatforms) = postSolution
		{EA0C8F63-94A4-4D9B-AB69-70D4DDFB205E}.Debug|Any CPU.ActiveCfg = Debug|Any CPU
		{EA0C8F63-94A4-4D9B-AB69-70D4DDFB205E}.Debug|Any CPU.Build.0 = Debug|Any CPU
		{EA0C8F63-94A4-4D9B-AB69-70D4DDFB205E}.Release|Any CPU.ActiveCfg = Release|Any CPU
		{EA0C8F63-94A4-4D9B-AB69-70D4DDFB205E}.Release|Any CPU.Build.0 = Release|Any CPU
	EndGlobalSection
	GlobalSection(SolutionProperties) = preSolution
		HideSolutionNode = FALSE
	EndGlobalSection
	GlobalSection(ExtensibilityGlobals) = postSolution
		SolutionGuid = {6BCD6DA6-5451-4BE0-AECE-F107E52FDD51}
	EndGlobalSection
EndGlobal
